
Microsoft Visual Studio Solution File, Format Version 12.00
# Visual Studio Version 17
VisualStudioVersion = 17.2.32602.215
MinimumVisualStudioVersion = 10.0.40219.1
Project("{9A19103F-16F7-4668-BE54-9A1E7A4F7556}") = "ProductMicroservice", "ProductMicroservice\ProductMicroservice\ProductMicroservice.csproj", "{65CF75CB-D7A1-4C99-931B-5779633E078A}"
EndProject
Project("{9A19103F-16F7-4668-BE54-9A1E7A4F7556}") = "ProductMicroservicesTest", "ProductMicroservicesTest\ProductMicroservicesTest.csproj", "{8485C4F9-8D86-4BBF-A3D6-A8CF09F80204}"
EndProject
Project("{E53339B2-1760-4266-BCC7-CA923CBCF16C}") = "docker-compose", "docker-compose.dcproj", "{89DBBFE4-E188-4AC4-AC1D-8F02D6FC50BF}"
EndProject
Global
	GlobalSection(SolutionConfigurationPlatforms) = preSolution
		Debug|Any CPU = Debug|Any CPU
		Release|Any CPU = Release|Any CPU
	EndGlobalSection
	GlobalSection(ProjectConfigurationPlatforms) = postSolution
		{65CF75CB-D7A1-4C99-931B-5779633E078A}.Debug|Any CPU.ActiveCfg = Debug|Any CPU
		{65CF75CB-D7A1-4C99-931B-5779633E078A}.Debug|Any CPU.Build.0 = Debug|Any CPU
		{65CF75CB-D7A1-4C99-931B-5779633E078A}.Release|Any CPU.ActiveCfg = Release|Any CPU
		{65CF75CB-D7A1-4C99-931B-5779633E078A}.Release|Any CPU.Build.0 = Release|Any CPU
		{8485C4F9-8D86-4BBF-A3D6-A8CF09F80204}.Debug|Any CPU.ActiveCfg = Debug|Any CPU
		{8485C4F9-8D86-4BBF-A3D6-A8CF09F80204}.Debug|Any CPU.Build.0 = Debug|Any CPU
		{8485C4F9-8D86-4BBF-A3D6-A8CF09F80204}.Release|Any CPU.ActiveCfg = Release|Any CPU
		{8485C4F9-8D86-4BBF-A3D6-A8CF09F80204}.Release|Any CPU.Build.0 = Release|Any CPU
		{89DBBFE4-E188-4AC4-AC1D-8F02D6FC50BF}.Debug|Any CPU.ActiveCfg = Debug|Any CPU
		{89DBBFE4-E188-4AC4-AC1D-8F02D6FC50BF}.Debug|Any CPU.Build.0 = Debug|Any CPU
		{89DBBFE4-E188-4AC4-AC1D-8F02D6FC50BF}.Release|Any CPU.ActiveCfg = Release|Any CPU
		{89DBBFE4-E188-4AC4-AC1D-8F02D6FC50BF}.Release|Any CPU.Build.0 = Release|Any CPU
	EndGlobalSection
	GlobalSection(SolutionProperties) = preSolution
		HideSolutionNode = FALSE
	EndGlobalSection
	GlobalSection(ExtensibilityGlobals) = postSolution
		SolutionGuid = {28550647-80F6-4273-92D4-DAE923AEC34D}
	EndGlobalSection
EndGlobal
